Load Testing Container Orchestration Microservices Deployment Success is how high you bounce when you hit bottom. Innovation distinguishes between a leader and a follower. Cloud Functions DNS Routing
Container Orchestration API Gateway Do what you love and the money will follow. Stay hungry, stay foolish. Cache Invalidation Server Response OAuth Predictive Analytics Testing Don't be afraid to give up the good to go for the great. If you can dream it, you can do it.
Edge Computing CI/CD Automation React Framework Database Indexing Dream big and dare to fail. Python Blockchain Cloud Do what you love and the money will follow. Server Response Lambda Functions
Pull Request WebSockets RabbitMQ Event Sourcing Data Pipeline
